
Microsoft Visual Studio Solution File, Format Version 12.00
# Visual Studio Version 16
VisualStudioVersion = 16.0.31727.386
MinimumVisualStudioVersion = 10.0.40219.1
Project("{8BC9CEB8-8B4A-11D0-8D11-00A0C91BC942}") = "BoomShoot", "BoomShoot\BoomShoot.vcxproj", "{94EA72F0-2CC6-4638-AE92-8A086FFDE99F}"
EndProject
Project("{8BC9CEB8-8B4A-11D0-8D11-00A0C91BC942}") = "BSMakeTool", "..\BSMakeTool\BSMakeTool\BSMakeTool.vcxproj", "{0A504D25-82A8-47E8-95A3-2A17F94B3783}"
	ProjectSection(ProjectDependencies) = postProject
		{23DF0332-BDBA-4195-8F06-C46F5144063A} = {23DF0332-BDBA-4195-8F06-C46F5144063A}
	EndProjectSection
EndProject
Project("{8BC9CEB8-8B4A-11D0-8D11-00A0C91BC942}") = "GameBase", "..\GameBase\GameBase\GameBase.vcxproj", "{231ADF83-95A5-4FB8-9112-BA68B76B470E}"
EndProject
Project("{8BC9CEB8-8B4A-11D0-8D11-00A0C91BC942}") = "Graphics", "..\Graphics\Graphics\Graphics.vcxproj", "{23DF0332-BDBA-4195-8F06-C46F5144063A}"
EndProject
Global
	GlobalSection(SolutionConfigurationPlatforms) = preSolution
		Debug|x64 = Debug|x64
		Debug|x86 = Debug|x86
		Release|x64 = Release|x64
		Release|x86 = Release|x86
	EndGlobalSection
	GlobalSection(ProjectConfigurationPlatforms) = postSolution
		{94EA72F0-2CC6-4638-AE92-8A086FFDE99F}.Debug|x64.ActiveCfg = Debug|x64
		{94EA72F0-2CC6-4638-AE92-8A086FFDE99F}.Debug|x64.Build.0 = Debug|x64
		{94EA72F0-2CC6-4638-AE92-8A086FFDE99F}.Debug|x86.ActiveCfg = Debug|Win32
		{94EA72F0-2CC6-4638-AE92-8A086FFDE99F}.Debug|x86.Build.0 = Debug|Win32
		{94EA72F0-2CC6-4638-AE92-8A086FFDE99F}.Release|x64.ActiveCfg = Release|x64
		{94EA72F0-2CC6-4638-AE92-8A086FFDE99F}.Release|x64.Build.0 = Release|x64
		{94EA72F0-2CC6-4638-AE92-8A086FFDE99F}.Release|x86.ActiveCfg = Release|Win32
		{94EA72F0-2CC6-4638-AE92-8A086FFDE99F}.Release|x86.Build.0 = Release|Win32
		{0A504D25-82A8-47E8-95A3-2A17F94B3783}.Debug|x64.ActiveCfg = Debug|x64
		{0A504D25-82A8-47E8-95A3-2A17F94B3783}.Debug|x64.Build.0 = Debug|x64
		{0A504D25-82A8-47E8-95A3-2A17F94B3783}.Debug|x86.ActiveCfg = Debug|Win32
		{0A504D25-82A8-47E8-95A3-2A17F94B3783}.Debug|x86.Build.0 = Debug|Win32
		{0A504D25-82A8-47E8-95A3-2A17F94B3783}.Release|x64.ActiveCfg = Release|x64
		{0A504D25-82A8-47E8-95A3-2A17F94B3783}.Release|x64.Build.0 = Release|x64
		{0A504D25-82A8-47E8-95A3-2A17F94B3783}.Release|x86.ActiveCfg = Release|Win32
		{0A504D25-82A8-47E8-95A3-2A17F94B3783}.Release|x86.Build.0 = Release|Win32
		{231ADF83-95A5-4FB8-9112-BA68B76B470E}.Debug|x64.ActiveCfg = Debug|x64
		{231ADF83-95A5-4FB8-9112-BA68B76B470E}.Debug|x64.Build.0 = Debug|x64
		{231ADF83-95A5-4FB8-9112-BA68B76B470E}.Debug|x86.ActiveCfg = Debug|Win32
		{231ADF83-95A5-4FB8-9112-BA68B76B470E}.Debug|x86.Build.0 = Debug|Win32
		{231ADF83-95A5-4FB8-9112-BA68B76B470E}.Release|x64.ActiveCfg = Release|x64
		{231ADF83-95A5-4FB8-9112-BA68B76B470E}.Release|x64.Build.0 = Release|x64
		{231ADF83-95A5-4FB8-9112-BA68B76B470E}.Release|x86.ActiveCfg = Release|Win32
		{231ADF83-95A5-4FB8-9112-BA68B76B470E}.Release|x86.Build.0 = Release|Win32
		{23DF0332-BDBA-4195-8F06-C46F5144063A}.Debug|x64.ActiveCfg = Debug|x64
		{23DF0332-BDBA-4195-8F06-C46F5144063A}.Debug|x64.Build.0 = Debug|x64
		{23DF0332-BDBA-4195-8F06-C46F5144063A}.Debug|x86.ActiveCfg = Debug|Win32
		{23DF0332-BDBA-4195-8F06-C46F5144063A}.Debug|x86.Build.0 = Debug|Win32
		{23DF0332-BDBA-4195-8F06-C46F5144063A}.Release|x64.ActiveCfg = Release|x64
		{23DF0332-BDBA-4195-8F06-C46F5144063A}.Release|x64.Build.0 = Release|x64
		{23DF0332-BDBA-4195-8F06-C46F5144063A}.Release|x86.ActiveCfg = Release|Win32
		{23DF0332-BDBA-4195-8F06-C46F5144063A}.Release|x86.Build.0 = Release|Win32
	EndGlobalSection
	GlobalSection(SolutionProperties) = preSolution
		HideSolutionNode = FALSE
	EndGlobalSection
	GlobalSection(ExtensibilityGlobals) = postSolution
		SolutionGuid = {0D5B8036-EFA8-4AFD-9BCC-F66DF7766F63}
	EndGlobalSection
EndGlobal
